// !$*UTF8*$!
{
	archiveVersion = 1;
	classes = {
	};
	objectVersion = 48;
	objects = {

/* Begin PBXBuildFile section */
		BE2DE8D82056B74700A74EFA /* AppDelegate.swift in Sources */ = {isa = PBXBuildFile; fileRef = BE2DE8D72056B74700A74EFA /* AppDelegate.swift */; };
		BE2DE8DA2056B74700A74EFA /* ToDoListViewController.swift in Sources */ = {isa = PBXBuildFile; fileRef = BE2DE8D92056B74700A74EFA /* ToDoListViewController.swift */; };
		BE2DE8DD2056B74700A74EFA /* Main.storyboard in Resources */ = {isa = PBXBuildFile; fileRef = BE2DE8DB2056B74700A74EFA /* Main.storyboard */; };
		BE2DE8DF2056B74700A74EFA /* Assets.xcassets in Resources */ = {isa = PBXBuildFile; fileRef = BE2DE8DE2056B74700A74EFA /* Assets.xcassets */; };
		BE2DE8E22056B74700A74EFA /* LaunchScreen.storyboard in Resources */ = {isa = PBXBuildFile; fileRef = BE2DE8E02056B74700A74EFA /* LaunchScreen.storyboard */; };
		BE8060CC206A77BD0035D703 /* CategoryViewController.swift in Sources */ = {isa = PBXBuildFile; fileRef = BE8060CB206A77BD0035D703 /* CategoryViewController.swift */; };
		BE8C5D7E20682BDF0072AD7B /* DataModel.xcdatamodeld in Sources */ = {isa = PBXBuildFile; fileRef = BE8C5D7C20682BDF0072AD7B /* DataModel.xcdatamodeld */; };
/* End PBXBuildFile section */

/* Begin PBXFileReference section */
		BE2DE8D42056B74700A74EFA /* Checky.app */ = {isa = PBXFileReference; explicitFileType = wrapper.application; includeInIndex = 0; path = Checky.app; sourceTree = BUILT_PRODUCTS_DIR; };
		BE2DE8D72056B74700A74EFA /* AppDelegate.swift */ = {isa = PBXFileReference; lastKnownFileType = sourcecode.swift; path = AppDelegate.swift; sourceTree = "<group>"; };
		BE2DE8D92056B74700A74EFA /* ToDoListViewController.swift */ = {isa = PBXFileReference; lastKnownFileType = sourcecode.swift; path = ToDoListViewController.swift; sourceTree = "<group>"; };
		BE2DE8DC2056B74700A74EFA /* Base */ = {isa = PBXFileReference; lastKnownFileType = file.storyboard; name = Base; path = Base.lproj/Main.storyboard; sourceTree = "<group>"; };
		BE2DE8DE2056B74700A74EFA /* Assets.xcassets */ = {isa = PBXFileReference; lastKnownFileType = folder.assetcatalog; path = Assets.xcassets; sourceTree = "<group>"; };
		BE2DE8E12056B74700A74EFA /* Base */ = {isa = PBXFileReference; lastKnownFileType = file.storyboard; name = Base; path = Base.lproj/LaunchScreen.storyboard; sourceTree = "<group>"; };
		BE2DE8E32056B74700A74EFA /* Info.plist */ = {isa = PBXFileReference; lastKnownFileType = text.plist.xml; path = Info.plist; sourceTree = "<group>"; };
		BE8060CB206A77BD0035D703 /* CategoryViewController.swift */ = {isa = PBXFileReference; lastKnownFileType = sourcecode.swift; path = CategoryViewController.swift; sourceTree = "<group>"; };
		BE8C5D7D20682BDF0072AD7B /* DataModel.xcdatamodel */ = {isa = PBXFileReference; lastKnownFileType = wrapper.xcdatamodel; path = DataModel.xcdatamodel; sourceTree = "<group>"; };
/* End PBXFileReference section */

/* Begin PBXFrameworksBuildPhase section */
		BE2DE8D12056B74700A74EFA /* Frameworks */ = {
			isa = PBXFrameworksBuildPhase;
			buildActionMask = 2147483647;
			files = (
			);
			runOnlyForDeploymentPostprocessing = 0;
		};
/* End PBXFrameworksBuildPhase section */

/* Begin PBXGroup section */
		BE02AB452056B8EF00E069AF /* Controller */ = {
			isa = PBXGroup;
			children = (
				BE8060CB206A77BD0035D703 /* CategoryViewController.swift */,
				BE2DE8D92056B74700A74EFA /* ToDoListViewController.swift */,
			);
			path = Controller;
			sourceTree = "<group>";
		};
		BE02AB462056B90900E069AF /* View */ = {
			isa = PBXGroup;
			children = (
				BE2DE8E02056B74700A74EFA /* LaunchScreen.storyboard */,
				BE2DE8DB2056B74700A74EFA /* Main.storyboard */,
			);
			path = View;
			sourceTree = "<group>";
		};
		BE02AB472056B91D00E069AF /* Model */ = {
			isa = PBXGroup;
			children = (
				BE8C5D7C20682BDF0072AD7B /* DataModel.xcdatamodeld */,
			);
			path = Model;
			sourceTree = "<group>";
		};
		BE02AB482056B92300E069AF /* Supporting Files */ = {
			isa = PBXGroup;
			children = (
				BE2DE8DE2056B74700A74EFA /* Assets.xcassets */,
			);
			path = "Supporting Files";
			sourceTree = "<group>";
		};
		BE2DE8CB2056B74700A74EFA = {
			isa = PBXGroup;
			children = (
				BE2DE8D62056B74700A74EFA /* Checky */,
				BE2DE8D52056B74700A74EFA /* Products */,
			);
			sourceTree = "<group>";
		};
		BE2DE8D52056B74700A74EFA /* Products */ = {
			isa = PBXGroup;
			children = (
				BE2DE8D42056B74700A74EFA /* Checky.app */,
			);
			name = Products;
			sourceTree = "<group>";
		};
		BE2DE8D62056B74700A74EFA /* Checky */ = {
			isa = PBXGroup;
			children = (
				BE2DE8D72056B74700A74EFA /* AppDelegate.swift */,
				BE02AB472056B91D00E069AF /* Model */,
				BE02AB462056B90900E069AF /* View */,
				BE02AB452056B8EF00E069AF /* Controller */,
				BE02AB482056B92300E069AF /* Supporting Files */,
				BE2DE8E32056B74700A74EFA /* Info.plist */,
			);
			path = Checky;
			sourceTree = "<group>";
		};
/* End PBXGroup section */

/* Begin PBXNativeTarget section */
		BE2DE8D32056B74700A74EFA /* Checky */ = {
			isa = PBXNativeTarget;
			buildConfigurationList = BE2DE8E62056B74700A74EFA /* Build configuration list for PBXNativeTarget "Checky" */;
			buildPhases = (
				BE2DE8D02056B74700A74EFA /* Sources */,
				BE2DE8D12056B74700A74EFA /* Frameworks */,
				BE2DE8D22056B74700A74EFA /* Resources */,
			);
			buildRules = (
			);
			dependencies = (
			);
			name = Checky;
			productName = Checky;
			productReference = BE2DE8D42056B74700A74EFA /* Checky.app */;
			productType = "com.apple.product-type.application";
		};
/* End PBXNativeTarget section */

/* Begin PBXProject section */
		BE2DE8CC2056B74700A74EFA /* Project object */ = {
			isa = PBXProject;
			attributes = {
				LastSwiftUpdateCheck = 0920;
				LastUpgradeCheck = 0920;
				ORGANIZATIONNAME = Lichtverbunden;
				TargetAttributes = {
					BE2DE8D32056B74700A74EFA = {
						CreatedOnToolsVersion = 9.2;
						ProvisioningStyle = Automatic;
					};
				};
			};
			buildConfigurationList = BE2DE8CF2056B74700A74EFA /* Build configuration list for PBXProject "Checky" */;
			compatibilityVersion = "Xcode 8.0";
			developmentRegion = en;
			hasScannedForEncodings = 0;
			knownRegions = (
				en,
				Base,
			);
			mainGroup = BE2DE8CB2056B74700A74EFA;
			productRefGroup = BE2DE8D52056B74700A74EFA /* Products */;
			projectDirPath = "";
			projectRoot = "";
			targets = (
				BE2DE8D32056B74700A74EFA /* Checky */,
			);
		};
/* End PBXProject section */

/* Begin PBXResourcesBuildPhase section */
		BE2DE8D22056B74700A74EFA /* Resources */ = {
			isa = PBXResourcesBuildPhase;
			buildActionMask = 2147483647;
			files = (
				BE2DE8E22056B74700A74EFA /* LaunchScreen.storyboard in Resources */,
				BE2DE8DF2056B74700A74EFA /* Assets.xcassets in Resources */,
				BE2DE8DD2056B74700A74EFA /* Main.storyboard in Resources */,
			);
			runOnlyForDeploymentPostprocessing = 0;
		};
/* End PBXResourcesBuildPhase section */

/* Begin PBXSourcesBuildPhase section */
		BE2DE8D02056B74700A74EFA /* Sources */ = {
			isa = PBXSourcesBuildPhase;
			buildActionMask = 2147483647;
			files = (
				BE8060CC206A77BD0035D703 /* CategoryViewController.swift in Sources */,
				BE2DE8DA2056B74700A74EFA /* ToDoListViewController.swift in Sources */,
				BE8C5D7E20682BDF0072AD7B /* DataModel.xcdatamodeld in Sources */,
				BE2DE8D82056B74700A74EFA /* AppDelegate.swift in Sources */,
			);
			runOnlyForDeploymentPostprocessing = 0;
		};
/* End PBXSourcesBuildPhase section */

/* Begin PBXVariantGroup section */
		BE2DE8DB2056B74700A74EFA /* Main.storyboard */ = {
			isa = PBXVariantGroup;
			children = (
				BE2DE8DC2056B74700A74EFA /* Base */,
			);
			name = Main.storyboard;
			sourceTree = "<group>";
		};
		BE2DE8E02056B74700A74EFA /* LaunchScreen.storyboard */ = {
			isa = PBXVariantGroup;
			children = (
				BE2DE8E12056B74700A74EFA /* Base */,
			);
			name = LaunchScreen.storyboard;
			sourceTree = "<group>";
		};
/* End PBXVariantGroup section */

/* Begin XCBuildConfiguration section */
		BE2DE8E42056B74700A74EFA /* Debug */ = {
			isa = XCBuildConfiguration;
			buildSettings = {
				ALWAYS_SEARCH_USER_PATHS = NO;
				CLANG_ANALYZER_NONNULL = YES;
				CLANG_ANALYZER_NUMBER_OBJECT_CONVERSION = YES_AGGRESSIVE;
				CLANG_CXX_LANGUAGE_STANDARD = "gnu++14";
				CLANG_CXX_LIBRARY = "libc++";
				CLANG_ENABLE_MODULES = YES;
				CLANG_ENABLE_OBJC_ARC = YES;
				CLANG_WARN_BLOCK_CAPTURE_AUTORELEASING = YES;
				CLANG_WARN_BOOL_CONVERSION = YES;
				CLANG_WARN_COMMA = YES;
				CLANG_WARN_CONSTANT_CONVERSION = YES;
				CLANG_WARN_DIRECT_OBJC_ISA_USAGE = YES_ERROR;
				CLANG_WARN_DOCUMENTATION_COMMENTS = YES;
				CLANG_WARN_EMPTY_BODY = YES;
				CLANG_WARN_ENUM_CONVERSION = YES;
				CLANG_WARN_INFINITE_RECURSION = YES;
				CLANG_WARN_INT_CONVERSION = YES;
				CLANG_WARN_NON_LITERAL_NULL_CONVERSION = YES;
				CLANG_WARN_OBJC_LITERAL_CONVERSION = YES;
				CLANG_WARN_OBJC_ROOT_CLASS = YES_ERROR;
				CLANG_WARN_RANGE_LOOP_ANALYSIS = YES;
				CLANG_WARN_STRICT_PROTOTYPES = YES;
				CLANG_WARN_SUSPICIOUS_MOVE = YES;
				CLANG_WARN_UNGUARDED_AVAILABILITY = YES_AGGRESSIVE;
				CLANG_WARN_UNREACHABLE_CODE = YES;
				CLANG_WARN__DUPLICATE_METHOD_MATCH = YES;
				CODE_SIGN_IDENTITY = "iPhone Developer";
				COPY_PHASE_STRIP = NO;
				DEBUG_INFORMATION_FORMAT = dwarf;
				ENABLE_STRICT_OBJC_MSGSEND = YES;
				ENABLE_TESTABILITY = YES;
				GCC_C_LANGUAGE_STANDARD = gnu11;
				GCC_DYNAMIC_NO_PIC = NO;
				GCC_NO_COMMON_BLOCKS = YES;
				GCC_OPTIMIZATION_LEVEL = 0;
				GCC_PREPROCESSOR_DEFINITIONS = (
					"DEBUG=1",
					"$(inherited)",
				);
				GCC_WARN_64_TO_32_BIT_CONVERSION = YES;
				GCC_WARN_ABOUT_RETURN_TYPE = YES_ERROR;
				GCC_WARN_UNDECLARED_SELECTOR = YES;
				GCC_WARN_UNINITIALIZED_AUTOS = YES_AGGRESSIVE;
				GCC_WARN_UNUSED_FUNCTION = YES;
				GCC_WARN_UNUSED_VARIABLE = YES;
				IPHONEOS_DEPLOYMENT_TARGET = 11.2;
				MTL_ENABLE_DEBUG_INFO = YES;
				ONLY_ACTIVE_ARCH = YES;
				SDKROOT = iphoneos;
				SWIFT_ACTIVE_COMPILATION_CONDITIONS = DEBUG;
				SWIFT_OPTIMIZATION_LEVEL = "-Onone";
			};
			name = Debug;
		};
		BE2DE8E52056B74700A74EFA /* Release */ = {
			isa = XCBuildConfiguration;
			buildSettings = {
				ALWAYS_SEARCH_USER_PATHS = NO;
				CLANG_ANALYZER_NONNULL = YES;
				CLANG_ANALYZER_NUMBER_OBJECT_CONVERSION = YES_AGGRESSIVE;
				CLANG_CXX_LANGUAGE_STANDARD = "gnu++14";
				CLANG_CXX_LIBRARY = "libc++";
				CLANG_ENABLE_MODULES = YES;
				CLANG_ENABLE_OBJC_ARC = YES;
				CLANG_WARN_BLOCK_CAPTURE_AUTORELEASING = YES;
				CLANG_WARN_BOOL_CONVERSION = YES;
				CLANG_WARN_COMMA = YES;
				CLANG_WARN_CONSTANT_CONVERSION = YES;
				CLANG_WARN_DIRECT_OBJC_ISA_USAGE = YES_ERROR;
				CLANG_WARN_DOCUMENTATION_COMMENTS = YES;
				CLANG_WARN_EMPTY_BODY = YES;
				CLANG_WARN_ENUM_CONVERSION = YES;
				CLANG_WARN_INFINITE_RECURSION = YES;
				CLANG_WARN_INT_CONVERSION = YES;
				CLANG_WARN_NON_LITERAL_NULL_CONVERSION = YES;
				CLANG_WARN_OBJC_LITERAL_CONVERSION = YES;
				CLANG_WARN_OBJC_ROOT_CLASS = YES_ERROR;
				CLANG_WARN_RANGE_LOOP_ANALYSIS = YES;
				CLANG_WARN_STRICT_PROTOTYPES = YES;
				CLANG_WARN_SUSPICIOUS_MOVE = YES;
				CLANG_WARN_UNGUARDED_AVAILABILITY = YES_AGGRESSIVE;
				CLANG_WARN_UNREACHABLE_CODE = YES;
				CLANG_WARN__DUPLICATE_METHOD_MATCH = YES;
				CODE_SIGN_IDENTITY = "iPhone Developer";
				COPY_PHASE_STRIP = NO;
				DEBUG_INFORMATION_FORMAT = "dwarf-with-dsym";
				ENABLE_NS_ASSERTIONS = NO;
				ENABLE_STRICT_OBJC_MSGSEND = YES;
				GCC_C_LANGUAGE_STANDARD = gnu11;
				GCC_NO_COMMON_BLOCKS = YES;
				GCC_WARN_64_TO_32_BIT_CONVERSION = YES;
				GCC_WARN_ABOUT_RETURN_TYPE = YES_ERROR;
				GCC_WARN_UNDECLARED_SELECTOR = YES;
				GCC_WARN_UNINITIALIZED_AUTOS = YES_AGGRESSIVE;
				GCC_WARN_UNUSED_FUNCTION = YES;
				GCC_WARN_UNUSED_VARIABLE = YES;
				IPHONEOS_DEPLOYMENT_TARGET = 11.2;
				MTL_ENABLE_DEBUG_INFO = NO;
				SDKROOT = iphoneos;
				SWIFT_OPTIMIZATION_LEVEL = "-Owholemodule";
				VALIDATE_PRODUCT = YES;
			};
			name = Release;
		};
		BE2DE8E72056B74700A74EFA /* Debug */ = {
			isa = XCBuildConfiguration;
			buildSettings = {
				ASSETCATALOG_COMPILER_APPICON_NAME = AppIcon;
				CODE_SIGN_STYLE = Automatic;
				DEVELOPMENT_TEAM = N44J6L5WWP;
				INFOPLIST_FILE = Checky/Info.plist;
				LD_RUNPATH_SEARCH_PATHS = "$(inherited) @executable_path/Frameworks";
				PRODUCT_BUNDLE_IDENTIFIER = lu.lichtverbunden.Checky;
				PRODUCT_NAME = "$(TARGET_NAME)";
				SWIFT_VERSION = 4.0;
				TARGETED_DEVICE_FAMILY = "1,2";
			};
			name = Debug;
		};
		BE2DE8E82056B74700A74EFA /* Release */ = {
			isa = XCBuildConfiguration;
			buildSettings = {
				ASSETCATALOG_COMPILER_APPICON_NAME = AppIcon;
				CODE_SIGN_STYLE = Automatic;
				DEVELOPMENT_TEAM = N44J6L5WWP;
				INFOPLIST_FILE = Checky/Info.plist;
				LD_RUNPATH_SEARCH_PATHS = "$(inherited) @executable_path/Frameworks";
				PRODUCT_BUNDLE_IDENTIFIER = lu.lichtverbunden.Checky;
				PRODUCT_NAME = "$(TARGET_NAME)";
				SWIFT_VERSION = 4.0;
				TARGETED_DEVICE_FAMILY = "1,2";
			};
			name = Release;
		};
/* End XCBuildConfiguration section */

/* Begin XCConfigurationList section */
		BE2DE8CF2056B74700A74EFA /* Build configuration list for PBXProject "Checky" */ = {
			isa = XCConfigurationList;
			buildConfigurations = (
				BE2DE8E42056B74700A74EFA /* Debug */,
				BE2DE8E52056B74700A74EFA /* Release */,
			);
			defaultConfigurationIsVisible = 0;
			defaultConfigurationName = Release;
		};
		BE2DE8E62056B74700A74EFA /* Build configuration list for PBXNativeTarget "Checky" */ = {
			isa = XCConfigurationList;
			buildConfigurations = (
				BE2DE8E72056B74700A74EFA /* Debug */,
				BE2DE8E82056B74700A74EFA /* Release */,
			);
			defaultConfigurationIsVisible = 0;
			defaultConfigurationName = Release;
		};
/* End XCConfigurationList section */

/* Begin XCVersionGroup section */
		BE8C5D7C20682BDF0072AD7B /* DataModel.xcdatamodeld */ = {
			isa = XCVersionGroup;
			children = (
				BE8C5D7D20682BDF0072AD7B /* DataModel.xcdatamodel */,
			);
			currentVersion = BE8C5D7D20682BDF0072AD7B /* DataModel.xcdatamodel */;
			path = DataModel.xcdatamodeld;
			sourceTree = "<group>";
			versionGroupType = wrapper.xcdatamodel;
		};
/* End XCVersionGroup section */
	};
	rootObject = BE2DE8CC2056B74700A74EFA /* Project object */;
}
